{
  "version": 4,
  "terraform_version": "0.12.17",
  "serial": 12,
  "lineage": "188db89a-74f8-0b12-7428-d603233049d9",
  "outputs": {},
  "resources": [
    {
      "mode": "managed",
      "type": "dnsimple_record",
      "name": "caa_email",
      "provider": "provider.dnsimple",
      "instances": [
        {
          "schema_version": 0,
          "attributes": {
            "domain": "nathanherald.com",
            "domain_id": "nathanherald.com",
            "hostname": "nathanherald.com",
            "id": "14458069",
            "name": "",
            "priority": "0",
            "ttl": "3600",
            "type": "CAA",
            "value": "0 iodef \"mailto:me@nathanherald.com\""
          }
        }
      ]
    },
    {
      "mode": "managed",
      "type": "dnsimple_record",
      "name": "caa_provider",
      "provider": "provider.dnsimple",
      "instances": [
        {
          "schema_version": 0,
          "attributes": {
            "domain": "nathanherald.com",
            "domain_id": "nathanherald.com",
            "hostname": "nathanherald.com",
            "id": "14458067",
            "name": "",
            "priority": "0",
            "ttl": "3600",
            "type": "CAA",
            "value": "0 issue \"letsencrypt.org\""
          }
        }
      ]
    },
    {
      "mode": "managed",
      "type": "dnsimple_record",
      "name": "mx_1_soverin",
      "provider": "provider.dnsimple",
      "instances": [
        {
          "schema_version": 0,
          "attributes": {
            "domain": "nathanherald.com",
            "domain_id": "nathanherald.com",
            "hostname": "nathanherald.com",
            "id": "17207402",
            "name": "",
            "priority": "1",
            "ttl": "3600",
            "type": "MX",
            "value": "mx.soverin.net"
          }
        }
      ]
    },
    {
      "mode": "managed",
      "type": "dnsimple_record",
      "name": "mx_2_soverin",
      "provider": "provider.dnsimple",
      "instances": [
        {
          "schema_version": 0,
          "attributes": {
            "domain": "nathanherald.com",
            "domain_id": "nathanherald.com",
            "hostname": "nathanherald.com",
            "id": "17207405",
            "name": "",
            "priority": "2",
            "ttl": "3600",
            "type": "MX",
            "value": "mx02.soverin.net"
          }
        }
      ]
    },
    {
      "mode": "managed",
      "type": "dnsimple_record",
      "name": "mx_3_soverin",
      "provider": "provider.dnsimple",
      "instances": [
        {
          "schema_version": 0,
          "attributes": {
            "domain": "nathanherald.com",
            "domain_id": "nathanherald.com",
            "hostname": "nathanherald.com",
            "id": "17207412",
            "name": "",
            "priority": "3",
            "ttl": "3600",
            "type": "MX",
            "value": "mx03.soverin.net"
          }
        }
      ]
    },
    {
      "mode": "managed",
      "type": "dnsimple_record",
      "name": "root_alias",
      "provider": "provider.dnsimple",
      "instances": [
        {
          "schema_version": 0,
          "attributes": {
            "domain": "nathanherald.com",
            "domain_id": "nathanherald.com",
            "hostname": "nathanherald.com",
            "id": "16697529",
            "name": "",
            "priority": "0",
            "ttl": "3600",
            "type": "ALIAS",
            "value": "alias.zeit.co"
          }
        }
      ]
    },
    {
      "mode": "managed",
      "type": "dnsimple_record",
      "name": "txt_keybase_verification",
      "provider": "provider.dnsimple",
      "instances": [
        {
          "schema_version": 0,
          "attributes": {
            "domain": "nathanherald.com",
            "domain_id": "nathanherald.com",
            "hostname": "nathanherald.com",
            "id": "6781309",
            "name": "",
            "priority": "0",
            "ttl": "3600",
            "type": "TXT",
            "value": "keybase-site-verification=4g5_Bp5HvFACfUkKCF6myxa43gFF1l0Ht3dUtd4zbQM"
          }
        }
      ]
    },
    {
      "mode": "managed",
      "type": "dnsimple_record",
      "name": "txt_now_token",
      "provider": "provider.dnsimple",
      "instances": [
        {
          "schema_version": 0,
          "attributes": {
            "domain": "nathanherald.com",
            "domain_id": "nathanherald.com",
            "hostname": "_now.nathanherald.com",
            "id": "16697514",
            "name": "_now",
            "priority": "0",
            "ttl": "3600",
            "type": "TXT",
            "value": "QmTHxd3KVZWrWGg3WsrS99LkNrsTAuHuNufJfhPnrYFjEo"
          }
        }
      ]
    },
    {
      "mode": "managed",
      "type": "dnsimple_record",
      "name": "txt_soverin_domainkey",
      "provider": "provider.dnsimple",
      "instances": [
        {
          "schema_version": 0,
          "attributes": {
            "domain": "nathanherald.com",
            "domain_id": "nathanherald.com",
            "hostname": "soverin._domainkey.nathanherald.com",
            "id": "17207376",
            "name": "soverin._domainkey",
            "priority": "0",
            "ttl": "3600",
            "type": "TXT",
            "value": "v=DKIM1; k=rsa; p=MIIBIjANBgkqhkiG9w0BAQEFAAOCAQ8AMIIBCgKCAQEA052NncuQWFqM3Kx2IrnTpYdjbzFiffKgKz9034vD0VS5QKw2rKkW5rsGXLJQhnfWVNUAEV6IY71cfq85Y0ewXUucajIKLF6xZXaVX/yh/u/4PvbQS2QIa5jB60urfIwNiFsxHzz71aHPbtnp/n1MRqgxOYw/eEm/SwfDpi4moLd5n2k6iYBDecNhzodQVdj3X09bD/tYJHGJzI3L7xq0AeuE3buquDGypHMpu3HIvXMafpufFylhmTJwyFfPJdwq7REwlEH0/UerZdnA/kj/3u5ApAVlxmvZwhgUxYfpNRiZnAIlB4AOoJHCeA/xpupT/lImrHWJSKvetkjxm3dKZwIDAQAB"
          }
        }
      ]
    },
    {
      "mode": "managed",
      "type": "dnsimple_record",
      "name": "txt_soverin_spf",
      "provider": "provider.dnsimple",
      "instances": [
        {
          "schema_version": 0,
          "attributes": {
            "domain": "nathanherald.com",
            "domain_id": "nathanherald.com",
            "hostname": "nathanherald.com",
            "id": "5064660",
            "name": "",
            "priority": "0",
            "ttl": "3600",
            "type": "TXT",
            "value": "v=spf1 +a include:soverin.net ~all"
          }
        }
      ]
    },
    {
      "mode": "managed",
      "type": "dnsimple_record",
      "name": "txt_soverin_verificaton",
      "provider": "provider.dnsimple",
      "instances": [
        {
          "schema_version": 0,
          "attributes": {
            "domain": "nathanherald.com",
            "domain_id": "nathanherald.com",
            "hostname": "nathanherald.com",
            "id": "5064659",
            "name": "",
            "priority": "0",
            "ttl": "3600",
            "type": "TXT",
            "value": "Soverin-site-verification=G7WnxsP7RuSFmUx1"
          }
        }
      ]
    },
    {
      "mode": "managed",
      "type": "dnsimple_record",
      "name": "www_cname",
      "provider": "provider.dnsimple",
      "instances": [
        {
          "schema_version": 0,
          "attributes": {
            "domain": "nathanherald.com",
            "domain_id": "nathanherald.com",
            "hostname": "www.nathanherald.com",
            "id": "17117267",
            "name": "www",
            "priority": "0",
            "ttl": "3600",
            "type": "CNAME",
            "value": "alias.zeit.co"
          }
        }
      ]
    }
  ]
}
